
Microsoft Visual Studio Solution File, Format Version 12.00
# Visual Studio Version 16
VisualStudioVersion = 16.0.31112.23
MinimumVisualStudioVersion = 10.0.40219.1
Project("{9A19103F-16F7-4668-BE54-9A1E7A4F7556}") = "dotDB", "dotDB.csproj", "{BAFA1F81-C217-4B1D-AA45-9B127E096F86}"
EndProject
Global
	GlobalSection(SolutionConfigurationPlatforms) = preSolution
		Debug|Any CPU = Debug|Any CPU
		Release|Any CPU = Release|Any CPU
	EndGlobalSection
	GlobalSection(ProjectConfigurationPlatforms) = postSolution
		{BAFA1F81-C217-4B1D-AA45-9B127E096F86}.Debug|Any CPU.ActiveCfg = Debug|Any CPU
		{BAFA1F81-C217-4B1D-AA45-9B127E096F86}.Debug|Any CPU.Build.0 = Debug|Any CPU
		{BAFA1F81-C217-4B1D-AA45-9B127E096F86}.Release|Any CPU.ActiveCfg = Release|Any CPU
		{BAFA1F81-C217-4B1D-AA45-9B127E096F86}.Release|Any CPU.Build.0 = Release|Any CPU
	EndGlobalSection
	GlobalSection(SolutionProperties) = preSolution
		HideSolutionNode = FALSE
	EndGlobalSection
	GlobalSection(ExtensibilityGlobals) = postSolution
		SolutionGuid = {364CAF01-EC18-482F-B32F-0DBB9AD08BDC}
	EndGlobalSection
EndGlobal
